
Microsoft Visual Studio Solution File, Format Version 12.00
# Visual Studio Version 16
VisualStudioVersion = 16.0.29411.108
MinimumVisualStudioVersion = 10.0.40219.1
Project("{FAE04EC0-301F-11D3-BF4B-00C04F79EFBC}") = "PokemonExplorer.Android", "PokemonExplorer\PokemonExplorer.Android\PokemonExplorer.Android.csproj", "{8EC54167-F877-40A1-B7DC-34DB1A06E954}"
EndProject
Project("{FAE04EC0-301F-11D3-BF4B-00C04F79EFBC}") = "PokemonExplorer", "PokemonExplorer\PokemonExplorer\PokemonExplorer.csproj", "{56F4D13A-3E8C-4496-B10B-2A6EF8ADA330}"
EndProject
Global
	GlobalSection(SolutionConfigurationPlatforms) = preSolution
		Debug|Any CPU = Debug|Any CPU
		Release|Any CPU = Release|Any CPU
	EndGlobalSection
	GlobalSection(ProjectConfigurationPlatforms) = postSolution
		{8EC54167-F877-40A1-B7DC-34DB1A06E954}.Debug|Any CPU.ActiveCfg = Debug|Any CPU
		{8EC54167-F877-40A1-B7DC-34DB1A06E954}.Debug|Any CPU.Build.0 = Debug|Any CPU
		{8EC54167-F877-40A1-B7DC-34DB1A06E954}.Debug|Any CPU.Deploy.0 = Debug|Any CPU
		{8EC54167-F877-40A1-B7DC-34DB1A06E954}.Release|Any CPU.ActiveCfg = Release|Any CPU
		{8EC54167-F877-40A1-B7DC-34DB1A06E954}.Release|Any CPU.Build.0 = Release|Any CPU
		{8EC54167-F877-40A1-B7DC-34DB1A06E954}.Release|Any CPU.Deploy.0 = Release|Any CPU
		{56F4D13A-3E8C-4496-B10B-2A6EF8ADA330}.Debug|Any CPU.ActiveCfg = Debug|Any CPU
		{56F4D13A-3E8C-4496-B10B-2A6EF8ADA330}.Debug|Any CPU.Build.0 = Debug|Any CPU
		{56F4D13A-3E8C-4496-B10B-2A6EF8ADA330}.Debug|Any CPU.Deploy.0 = Debug|Any CPU
		{56F4D13A-3E8C-4496-B10B-2A6EF8ADA330}.Release|Any CPU.ActiveCfg = Release|Any CPU
		{56F4D13A-3E8C-4496-B10B-2A6EF8ADA330}.Release|Any CPU.Build.0 = Release|Any CPU
		{56F4D13A-3E8C-4496-B10B-2A6EF8ADA330}.Release|Any CPU.Deploy.0 = Release|Any CPU
	EndGlobalSection
	GlobalSection(SolutionProperties) = preSolution
		HideSolutionNode = FALSE
	EndGlobalSection
	GlobalSection(ExtensibilityGlobals) = postSolution
		SolutionGuid = {B0FCEB0E-F107-4381-BA21-A0202AAD762C}
	EndGlobalSection
EndGlobal
